
Microsoft Visual Studio Solution File, Format Version 11.00
# Visual Studio 2010
Project("{FAE04EC0-301F-11D3-BF4B-00C04F79EFBC}") = "NOW!", "Assembly-CSharp.csproj", "{A9146CC5-3D66-27C1-D549-D357567B014A}"
EndProject
Project("{FAE04EC0-301F-11D3-BF4B-00C04F79EFBC}") = "NOW!", "Assembly-CSharp-Editor.csproj", "{1A404CFF-8984-8D43-A46E-41F1518D7FB3}"
EndProject
Project("{9670A6F5-F0E0-88EF-BB5E-3ABE6D427BED}") = "NOW!", "Assembly-UnityScript-Editor-firstpass.unityproj", "{C2BAE2E3-75F1-1183-D639-BAE41DA9DBF0}"
EndProject
Global
	GlobalSection(SolutionConfigurationPlatforms) = preSolution
		Debug|Any CPU = Debug|Any CPU
		Release|Any CPU = Release|Any CPU
	EndGlobalSection
	GlobalSection(ProjectConfigurationPlatforms) = postSolution
		{A9146CC5-3D66-27C1-D549-D357567B014A}.Debug|Any CPU.ActiveCfg = Debug|Any CPU
		{A9146CC5-3D66-27C1-D549-D357567B014A}.Debug|Any CPU.Build.0 = Debug|Any CPU
		{A9146CC5-3D66-27C1-D549-D357567B014A}.Release|Any CPU.ActiveCfg = Release|Any CPU
		{A9146CC5-3D66-27C1-D549-D357567B014A}.Release|Any CPU.Build.0 = Release|Any CPU
		{1A404CFF-8984-8D43-A46E-41F1518D7FB3}.Debug|Any CPU.ActiveCfg = Debug|Any CPU
		{1A404CFF-8984-8D43-A46E-41F1518D7FB3}.Debug|Any CPU.Build.0 = Debug|Any CPU
		{1A404CFF-8984-8D43-A46E-41F1518D7FB3}.Release|Any CPU.ActiveCfg = Release|Any CPU
		{1A404CFF-8984-8D43-A46E-41F1518D7FB3}.Release|Any CPU.Build.0 = Release|Any CPU
		{C2BAE2E3-75F1-1183-D639-BAE41DA9DBF0}.Debug|Any CPU.ActiveCfg = Debug|Any CPU
		{C2BAE2E3-75F1-1183-D639-BAE41DA9DBF0}.Debug|Any CPU.Build.0 = Debug|Any CPU
		{C2BAE2E3-75F1-1183-D639-BAE41DA9DBF0}.Release|Any CPU.ActiveCfg = Release|Any CPU
		{C2BAE2E3-75F1-1183-D639-BAE41DA9DBF0}.Release|Any CPU.Build.0 = Release|Any CPU
	EndGlobalSection
	GlobalSection(SolutionProperties) = preSolution
		HideSolutionNode = FALSE
	EndGlobalSection
	GlobalSection(MonoDevelopProperties) = preSolution
		StartupItem = Assembly-CSharp.csproj
	EndGlobalSection
EndGlobal
